// !$*UTF8*$!
{
	archiveVersion = 1;
	classes = {
	};
	objectVersion = 90;
	objects = {

/* Begin PBXBuildFile section */
		1F4AF6232E50B7AA00CE2986 /* libmabackend.a in Frameworks */ = {isa = PBXBuildFile; fileRef = 1F4AF6222E50B7A800CE2986 /* libmabackend.a */; };
		1F4AFA1A2E50DE8F00CE2986 /* libmabackend.a in Frameworks */ = {isa = PBXBuildFile; fileRef = 1F4AF6222E50B7A800CE2986 /* libmabackend.a */; };
		B476E0E72DB4F45E0092B9CF /* Sparkle in Frameworks */ = {isa = PBXBuildFile; productRef = B476E0E62DB4F45E0092B9CF /* Sparkle */; };
/* End PBXBuildFile section */

/* Begin PBXContainerItemProxy section */
		1F6619B12E4F63F7002B15E7 /* PBXContainerItemProxy */ = {
			isa = PBXContainerItemProxy;
			containerPortal = B48FC10D2DB3AEA900E212B2 /* Project object */;
			proxyType = 1;
			remoteGlobalIDString = B48FC1142DB3AEA900E212B2;
			remoteInfo = MemoryActivity;
		};
/* End PBXContainerItemProxy section */

/* Begin PBXFileReference section */
		1F4AF6222E50B7A800CE2986 /* libmabackend.a */ = {isa = PBXFileReference; lastKnownFileType = archive.ar; name = libmabackend.a; path = libmabackend/libmabackend.a; sourceTree = "<group>"; };
		1F6619AD2E4F63F7002B15E7 /* MemoryActivityTests.xctest */ = {isa = PBXFileReference; explicitFileType = wrapper.cfbundle; includeInIndex = 0; path = MemoryActivityTests.xctest; sourceTree = BUILT_PRODUCTS_DIR; };
		B48FC1152DB3AEA900E212B2 /* MemoryActivity.app */ = {isa = PBXFileReference; explicitFileType = wrapper.application; includeInIndex = 0; path = MemoryActivity.app; sourceTree = BUILT_PRODUCTS_DIR; };
/* End PBXFileReference section */

/* Begin PBXFileSystemSynchronizedBuildFileExceptionSet section */
		B476E1BC2DB7C0700092B9CF /* Exceptions for "MemoryActivity" folder in "MemoryActivity" target */ = {
			isa = PBXFileSystemSynchronizedBuildFileExceptionSet;
			membershipExceptions = (
				Info.plist,
				Release.xcconfig,
			);
			target = B48FC1142DB3AEA900E212B2 /* MemoryActivity */;
		};
/* End PBXFileSystemSynchronizedBuildFileExceptionSet section */

/* Begin PBXFileSystemSynchronizedRootGroup section */
		1F6619AE2E4F63F7002B15E7 /* MemoryActivityTests */ = {
			isa = PBXFileSystemSynchronizedRootGroup;
			path = MemoryActivityTests;
			sourceTree = "<group>";
		};
		B48FC1172DB3AEA900E212B2 /* MemoryActivity */ = {
			isa = PBXFileSystemSynchronizedRootGroup;
			exceptions = (
				B476E1BC2DB7C0700092B9CF /* Exceptions for "MemoryActivity" folder in "MemoryActivity" target */,
			);
			path = MemoryActivity;
			sourceTree = "<group>";
		};
/* End PBXFileSystemSynchronizedRootGroup section */

/* Begin PBXFrameworksBuildPhase section */
		1F6619AA2E4F63F7002B15E7 /* Frameworks */ = {
			isa = PBXFrameworksBuildPhase;
			files = (
				1F4AFA1A2E50DE8F00CE2986 /* libmabackend.a in Frameworks */,
			);
		};
		B48FC1122DB3AEA900E212B2 /* Frameworks */ = {
			isa = PBXFrameworksBuildPhase;
			files = (
				1F4AF6232E50B7AA00CE2986 /* libmabackend.a in Frameworks */,
				B476E0E72DB4F45E0092B9CF /* Sparkle in Frameworks */,
			);
		};
/* End PBXFrameworksBuildPhase section */

/* Begin PBXGroup section */
		1F4AF6212E50B7A800CE2986 /* Frameworks */ = {
			isa = PBXGroup;
			children = (
				1F4AF6222E50B7A800CE2986 /* libmabackend.a */,
			);
			name = Frameworks;
			sourceTree = "<group>";
		};
		B48FC10C2DB3AEA900E212B2 = {
			isa = PBXGroup;
			children = (
				B48FC1172DB3AEA900E212B2 /* MemoryActivity */,
				1F6619AE2E4F63F7002B15E7 /* MemoryActivityTests */,
				1F4AF6212E50B7A800CE2986 /* Frameworks */,
				B48FC1162DB3AEA900E212B2 /* Products */,
			);
			sourceTree = "<group>";
		};
		B48FC1162DB3AEA900E212B2 /* Products */ = {
			isa = PBXGroup;
			children = (
				B48FC1152DB3AEA900E212B2 /* MemoryActivity.app */,
				1F6619AD2E4F63F7002B15E7 /* MemoryActivityTests.xctest */,
			);
			name = Products;
			sourceTree = "<group>";
		};
/* End PBXGroup section */

/* Begin PBXNativeTarget section */
		1F6619AC2E4F63F7002B15E7 /* MemoryActivityTests */ = {
			isa = PBXNativeTarget;
			buildConfigurationList = 1F6619B52E4F63F7002B15E7 /* Build configuration list for PBXNativeTarget "MemoryActivityTests" */;
			buildPhases = (
				1F6619A92E4F63F7002B15E7 /* Sources */,
				1F6619AA2E4F63F7002B15E7 /* Frameworks */,
				1F6619AB2E4F63F7002B15E7 /* Resources */,
			);
			buildRules = (
			);
			dependencies = (
				1F6619B22E4F63F7002B15E7 /* PBXTargetDependency */,
			);
			fileSystemSynchronizedGroups = (
				1F6619AE2E4F63F7002B15E7 /* MemoryActivityTests */,
			);
			name = MemoryActivityTests;
			productName = MemoryActivityTests;
			productReference = 1F6619AD2E4F63F7002B15E7 /* MemoryActivityTests.xctest */;
			productType = "com.apple.product-type.bundle.unit-test";
		};
		B48FC1142DB3AEA900E212B2 /* MemoryActivity */ = {
			isa = PBXNativeTarget;
			buildConfigurationList = B48FC1242DB3AEAA00E212B2 /* Build configuration list for PBXNativeTarget "MemoryActivity" */;
			buildPhases = (
				B48FC1112DB3AEA900E212B2 /* Sources */,
				B48FC1122DB3AEA900E212B2 /* Frameworks */,
				B48FC1132DB3AEA900E212B2 /* Resources */,
			);
			buildRules = (
			);
			fileSystemSynchronizedGroups = (
				B48FC1172DB3AEA900E212B2 /* MemoryActivity */,
			);
			name = MemoryActivity;
			packageProductDependencies = (
				B476E0E62DB4F45E0092B9CF /* Sparkle */,
			);
			productName = MemoryActivity;
			productReference = B48FC1152DB3AEA900E212B2 /* MemoryActivity.app */;
			productType = "com.apple.product-type.application";
		};
/* End PBXNativeTarget section */

/* Begin PBXProject section */
		B48FC10D2DB3AEA900E212B2 /* Project object */ = {
			isa = PBXProject;
			attributes = {
				BuildIndependentTargetsInParallel = 1;
				LastSwiftUpdateCheck = 1640;
				LastUpgradeCheck = 2600;
				TargetAttributes = {
					1F6619AC2E4F63F7002B15E7 = {
						CreatedOnToolsVersion = 16.4;
						TestTargetID = B48FC1142DB3AEA900E212B2;
					};
					B48FC1142DB3AEA900E212B2 = {
						CreatedOnToolsVersion = 16.2;
					};
				};
			};
			buildConfigurationList = B48FC1102DB3AEA900E212B2 /* Build configuration list for PBXProject "MemoryActivity" */;
			developmentRegion = en;
			hasScannedForEncodings = 0;
			knownRegions = (
				en,
				Base,
			);
			mainGroup = B48FC10C2DB3AEA900E212B2;
			minimizedProjectReferenceProxies = 1;
			packageReferences = (
				B476E0E52DB4F45E0092B9CF /* XCRemoteSwiftPackageReference "Sparkle" */,
			);
			preferredProjectObjectVersion = 90;
			productRefGroup = B48FC1162DB3AEA900E212B2 /* Products */;
			projectDirPath = "";
			projectRoot = "";
			targets = (
				B48FC1142DB3AEA900E212B2 /* MemoryActivity */,
				1F6619AC2E4F63F7002B15E7 /* MemoryActivityTests */,
			);
		};
/* End PBXProject section */

/* Begin PBXResourcesBuildPhase section */
		1F6619AB2E4F63F7002B15E7 /* Resources */ = {
			isa = PBXResourcesBuildPhase;
			files = (
			);
		};
		B48FC1132DB3AEA900E212B2 /* Resources */ = {
			isa = PBXResourcesBuildPhase;
			files = (
			);
		};
/* End PBXResourcesBuildPhase section */

/* Begin PBXSourcesBuildPhase section */
		1F6619A92E4F63F7002B15E7 /* Sources */ = {
			isa = PBXSourcesBuildPhase;
			files = (
			);
		};
		B48FC1112DB3AEA900E212B2 /* Sources */ = {
			isa = PBXSourcesBuildPhase;
			files = (
			);
		};
/* End PBXSourcesBuildPhase section */

/* Begin PBXTargetDependency section */
		1F6619B22E4F63F7002B15E7 /* PBXTargetDependency */ = {
			isa = PBXTargetDependency;
			target = B48FC1142DB3AEA900E212B2 /* MemoryActivity */;
			targetProxy = 1F6619B12E4F63F7002B15E7 /* PBXContainerItemProxy */;
		};
/* End PBXTargetDependency section */

/* Begin XCBuildConfiguration section */
		1F6619B32E4F63F7002B15E7 /* Debug configuration for PBXNativeTarget "MemoryActivityTests" */ = {
			isa = XCBuildConfiguration;
			buildSettings = {
				BUNDLE_LOADER = "$(TEST_HOST)";
				CODE_SIGN_STYLE = Manual;
				CURRENT_PROJECT_VERSION = 1;
				DEVELOPMENT_TEAM = "";
				GENERATE_INFOPLIST_FILE = YES;
				LIBRARY_SEARCH_PATHS = (
					"$(inherited)",
					"$(PROJECT_DIR)/libmabackend",
				);
				MARKETING_VERSION = 1.0;
				PRODUCT_BUNDLE_IDENTIFIER = com.skw398.MemoryActivityTests;
				PRODUCT_NAME = "$(TARGET_NAME)";
				PROVISIONING_PROFILE_SPECIFIER = "";
				SWIFT_EMIT_LOC_STRINGS = NO;
				SWIFT_INCLUDE_PATHS = "$(PROJECT_DIR)/libmabackend";
				TEST_HOST = "$(BUILT_PRODUCTS_DIR)/MemoryActivity.app/$(BUNDLE_EXECUTABLE_FOLDER_PATH)/MemoryActivity";
			};
			name = Debug;
		};
		1F6619B42E4F63F7002B15E7 /* Release configuration for PBXNativeTarget "MemoryActivityTests" */ = {
			isa = XCBuildConfiguration;
			buildSettings = {
				BUNDLE_LOADER = "$(TEST_HOST)";
				CODE_SIGN_STYLE = Manual;
				CURRENT_PROJECT_VERSION = 1;
				DEVELOPMENT_TEAM = "";
				GENERATE_INFOPLIST_FILE = YES;
				LIBRARY_SEARCH_PATHS = (
					"$(inherited)",
					"$(PROJECT_DIR)/libmabackend",
				);
				MARKETING_VERSION = 1.0;
				PRODUCT_BUNDLE_IDENTIFIER = com.skw398.MemoryActivityTests;
				PRODUCT_NAME = "$(TARGET_NAME)";
				PROVISIONING_PROFILE_SPECIFIER = "";
				SWIFT_EMIT_LOC_STRINGS = NO;
				SWIFT_INCLUDE_PATHS = "$(PROJECT_DIR)/libmabackend";
				TEST_HOST = "$(BUILT_PRODUCTS_DIR)/MemoryActivity.app/$(BUNDLE_EXECUTABLE_FOLDER_PATH)/MemoryActivity";
			};
			name = Release;
		};
		B48FC1222DB3AEAA00E212B2 /* Debug configuration for PBXProject "MemoryActivity" */ = {
			isa = XCBuildConfiguration;
			buildSettings = {
				ALWAYS_SEARCH_USER_PATHS = NO;
				ASSETCATALOG_COMPILER_GENERATE_SWIFT_ASSET_SYMBOL_EXTENSIONS = YES;
				CLANG_ANALYZER_NONNULL = YES;
				CLANG_ANALYZER_NUMBER_OBJECT_CONVERSION = YES_AGGRESSIVE;
				CLANG_CXX_LANGUAGE_STANDARD = "gnu++20";
				CLANG_ENABLE_MODULES = YES;
				CLANG_ENABLE_OBJC_ARC = YES;
				CLANG_ENABLE_OBJC_WEAK = YES;
				CLANG_WARN_BLOCK_CAPTURE_AUTORELEASING = YES;
				CLANG_WARN_BOOL_CONVERSION = YES;
				CLANG_WARN_COMMA = YES;
				CLANG_WARN_CONSTANT_CONVERSION = YES;
				CLANG_WARN_DEPRECATED_OBJC_IMPLEMENTATIONS = YES;
				CLANG_WARN_DIRECT_OBJC_ISA_USAGE = YES_ERROR;
				CLANG_WARN_DOCUMENTATION_COMMENTS = YES;
				CLANG_WARN_EMPTY_BODY = YES;
				CLANG_WARN_ENUM_CONVERSION = YES;
				CLANG_WARN_INFINITE_RECURSION = YES;
				CLANG_WARN_INT_CONVERSION = YES;
				CLANG_WARN_NON_LITERAL_NULL_CONVERSION = YES;
				CLANG_WARN_OBJC_IMPLICIT_RETAIN_SELF = YES;
				CLANG_WARN_OBJC_LITERAL_CONVERSION = YES;
				CLANG_WARN_OBJC_ROOT_CLASS = YES_ERROR;
				CLANG_WARN_QUOTED_INCLUDE_IN_FRAMEWORK_HEADER = YES;
				CLANG_WARN_RANGE_LOOP_ANALYSIS = YES;
				CLANG_WARN_STRICT_PROTOTYPES = YES;
				CLANG_WARN_SUSPICIOUS_MOVE = YES;
				CLANG_WARN_UNGUARDED_AVAILABILITY = YES_AGGRESSIVE;
				CLANG_WARN_UNREACHABLE_CODE = YES;
				CLANG_WARN__DUPLICATE_METHOD_MATCH = YES;
				COPY_PHASE_STRIP = NO;
				DEAD_CODE_STRIPPING = YES;
				DEBUG_INFORMATION_FORMAT = dwarf;
				ENABLE_STRICT_OBJC_MSGSEND = YES;
				ENABLE_TESTABILITY = YES;
				ENABLE_USER_SCRIPT_SANDBOXING = YES;
				GCC_C_LANGUAGE_STANDARD = gnu17;
				GCC_DYNAMIC_NO_PIC = NO;
				GCC_NO_COMMON_BLOCKS = YES;
				GCC_OPTIMIZATION_LEVEL = 0;
				GCC_PREPROCESSOR_DEFINITIONS = (
					"DEBUG=1",
					"$(inherited)",
				);
				GCC_WARN_64_TO_32_BIT_CONVERSION = YES;
				GCC_WARN_ABOUT_RETURN_TYPE = YES_ERROR;
				GCC_WARN_UNDECLARED_SELECTOR = YES;
				GCC_WARN_UNINITIALIZED_AUTOS = YES_AGGRESSIVE;
				GCC_WARN_UNUSED_FUNCTION = YES;
				GCC_WARN_UNUSED_VARIABLE = YES;
				INFOPLIST_KEY_NSHumanReadableCopyright = "© 2025 skw398";
				LOCALIZATION_PREFERS_STRING_CATALOGS = YES;
				MACOSX_DEPLOYMENT_TARGET = 14.0;
				MTL_ENABLE_DEBUG_INFO = INCLUDE_SOURCE;
				MTL_FAST_MATH = YES;
				ONLY_ACTIVE_ARCH = YES;
				SDKROOT = macosx;
				STRING_CATALOG_GENERATE_SYMBOLS = YES;
				SWIFT_ACTIVE_COMPILATION_CONDITIONS = "DEBUG $(inherited)";
				SWIFT_EMIT_LOC_STRINGS = YES;
				SWIFT_OPTIMIZATION_LEVEL = "-Onone";
				SWIFT_UPCOMING_FEATURE_EXISTENTIAL_ANY = YES;
				SWIFT_UPCOMING_FEATURE_INTERNAL_IMPORTS_BY_DEFAULT = YES;
				SWIFT_UPCOMING_FEATURE_MEMBER_IMPORT_VISIBILITY = YES;
				SWIFT_VERSION = 6.0;
			};
			name = Debug;
		};
		B48FC1232DB3AEAA00E212B2 /* Release configuration for PBXProject "MemoryActivity" */ = {
			isa = XCBuildConfiguration;
			buildSettings = {
				ALWAYS_SEARCH_USER_PATHS = NO;
				ASSETCATALOG_COMPILER_GENERATE_SWIFT_ASSET_SYMBOL_EXTENSIONS = YES;
				CLANG_ANALYZER_NONNULL = YES;
				CLANG_ANALYZER_NUMBER_OBJECT_CONVERSION = YES_AGGRESSIVE;
				CLANG_CXX_LANGUAGE_STANDARD = "gnu++20";
				CLANG_ENABLE_MODULES = YES;
				CLANG_ENABLE_OBJC_ARC = YES;
				CLANG_ENABLE_OBJC_WEAK = YES;
				CLANG_WARN_BLOCK_CAPTURE_AUTORELEASING = YES;
				CLANG_WARN_BOOL_CONVERSION = YES;
				CLANG_WARN_COMMA = YES;
				CLANG_WARN_CONSTANT_CONVERSION = YES;
				CLANG_WARN_DEPRECATED_OBJC_IMPLEMENTATIONS = YES;
				CLANG_WARN_DIRECT_OBJC_ISA_USAGE = YES_ERROR;
				CLANG_WARN_DOCUMENTATION_COMMENTS = YES;
				CLANG_WARN_EMPTY_BODY = YES;
				CLANG_WARN_ENUM_CONVERSION = YES;
				CLANG_WARN_INFINITE_RECURSION = YES;
				CLANG_WARN_INT_CONVERSION = YES;
				CLANG_WARN_NON_LITERAL_NULL_CONVERSION = YES;
				CLANG_WARN_OBJC_IMPLICIT_RETAIN_SELF = YES;
				CLANG_WARN_OBJC_LITERAL_CONVERSION = YES;
				CLANG_WARN_OBJC_ROOT_CLASS = YES_ERROR;
				CLANG_WARN_QUOTED_INCLUDE_IN_FRAMEWORK_HEADER = YES;
				CLANG_WARN_RANGE_LOOP_ANALYSIS = YES;
				CLANG_WARN_STRICT_PROTOTYPES = YES;
				CLANG_WARN_SUSPICIOUS_MOVE = YES;
				CLANG_WARN_UNGUARDED_AVAILABILITY = YES_AGGRESSIVE;
				CLANG_WARN_UNREACHABLE_CODE = YES;
				CLANG_WARN__DUPLICATE_METHOD_MATCH = YES;
				COPY_PHASE_STRIP = NO;
				DEAD_CODE_STRIPPING = YES;
				DEBUG_INFORMATION_FORMAT = "dwarf-with-dsym";
				ENABLE_NS_ASSERTIONS = NO;
				ENABLE_STRICT_OBJC_MSGSEND = YES;
				ENABLE_USER_SCRIPT_SANDBOXING = YES;
				GCC_C_LANGUAGE_STANDARD = gnu17;
				GCC_NO_COMMON_BLOCKS = YES;
				GCC_WARN_64_TO_32_BIT_CONVERSION = YES;
				GCC_WARN_ABOUT_RETURN_TYPE = YES_ERROR;
				GCC_WARN_UNDECLARED_SELECTOR = YES;
				GCC_WARN_UNINITIALIZED_AUTOS = YES_AGGRESSIVE;
				GCC_WARN_UNUSED_FUNCTION = YES;
				GCC_WARN_UNUSED_VARIABLE = YES;
				INFOPLIST_KEY_NSHumanReadableCopyright = "© 2025 skw398";
				LOCALIZATION_PREFERS_STRING_CATALOGS = YES;
				MACOSX_DEPLOYMENT_TARGET = 14.0;
				MTL_ENABLE_DEBUG_INFO = NO;
				MTL_FAST_MATH = YES;
				SDKROOT = macosx;
				STRING_CATALOG_GENERATE_SYMBOLS = YES;
				SWIFT_COMPILATION_MODE = wholemodule;
				SWIFT_EMIT_LOC_STRINGS = YES;
				SWIFT_UPCOMING_FEATURE_EXISTENTIAL_ANY = YES;
				SWIFT_UPCOMING_FEATURE_INTERNAL_IMPORTS_BY_DEFAULT = YES;
				SWIFT_UPCOMING_FEATURE_MEMBER_IMPORT_VISIBILITY = YES;
				SWIFT_VERSION = 6.0;
			};
			name = Release;
		};
		B48FC1252DB3AEAA00E212B2 /* Debug configuration for PBXNativeTarget "MemoryActivity" */ = {
			isa = XCBuildConfiguration;
			buildSettings = {
				ASSETCATALOG_COMPILER_APPICON_NAME = AppIcon;
				ASSETCATALOG_COMPILER_GLOBAL_ACCENT_COLOR_NAME = AccentColor;
				CODE_SIGN_ENTITLEMENTS = MemoryActivity/MemoryActivity.entitlements;
				COMBINE_HIDPI_IMAGES = YES;
				CURRENT_PROJECT_VERSION = 3;
				DEAD_CODE_STRIPPING = YES;
				ENABLE_HARDENED_RUNTIME = YES;
				ENABLE_PREVIEWS = YES;
				GENERATE_INFOPLIST_FILE = YES;
				INFOPLIST_FILE = MemoryActivity/Info.plist;
				INFOPLIST_KEY_LSApplicationCategoryType = "public.app-category.utilities";
				INFOPLIST_KEY_LSUIElement = YES;
				LD_RUNPATH_SEARCH_PATHS = (
					"$(inherited)",
					"@executable_path/../Frameworks",
				);
				LIBRARY_SEARCH_PATHS = (
					"$(inherited)",
					"$(PROJECT_DIR)/libmabackend",
				);
				MARKETING_VERSION = 1.0.2;
				PRODUCT_BUNDLE_IDENTIFIER = com.skw398.MemoryActivity;
				PRODUCT_NAME = "$(TARGET_NAME)";
				PROVISIONING_PROFILE_SPECIFIER = "";
				SWIFT_EMIT_LOC_STRINGS = YES;
				SWIFT_INCLUDE_PATHS = "$(PROJECT_DIR)/libmabackend";
			};
			name = Debug;
		};
		B48FC1262DB3AEAA00E212B2 /* Release configuration for PBXNativeTarget "MemoryActivity" */ = {
			isa = XCBuildConfiguration;
			baseConfigurationReferenceAnchor = B48FC1172DB3AEA900E212B2 /* MemoryActivity */;
			baseConfigurationReferenceRelativePath = Release.xcconfig;
			buildSettings = {
				ASSETCATALOG_COMPILER_APPICON_NAME = AppIcon;
				ASSETCATALOG_COMPILER_GLOBAL_ACCENT_COLOR_NAME = AccentColor;
				CODE_SIGN_ENTITLEMENTS = MemoryActivity/MemoryActivity.entitlements;
				COMBINE_HIDPI_IMAGES = YES;
				CURRENT_PROJECT_VERSION = 3;
				DEAD_CODE_STRIPPING = YES;
				ENABLE_HARDENED_RUNTIME = YES;
				ENABLE_PREVIEWS = YES;
				GENERATE_INFOPLIST_FILE = YES;
				INFOPLIST_FILE = MemoryActivity/Info.plist;
				INFOPLIST_KEY_LSApplicationCategoryType = "public.app-category.utilities";
				INFOPLIST_KEY_LSUIElement = YES;
				LD_RUNPATH_SEARCH_PATHS = (
					"$(inherited)",
					"@executable_path/../Frameworks",
				);
				LIBRARY_SEARCH_PATHS = (
					"$(inherited)",
					"$(PROJECT_DIR)/libmabackend",
				);
				MARKETING_VERSION = 1.0.2;
				PRODUCT_BUNDLE_IDENTIFIER = com.skw398.MemoryActivity;
				PRODUCT_NAME = "$(TARGET_NAME)";
				PROVISIONING_PROFILE_SPECIFIER = "";
				SWIFT_EMIT_LOC_STRINGS = YES;
				SWIFT_INCLUDE_PATHS = "$(PROJECT_DIR)/libmabackend";
			};
			name = Release;
		};
/* End XCBuildConfiguration section */

/* Begin XCConfigurationList section */
		1F6619B52E4F63F7002B15E7 /* Build configuration list for PBXNativeTarget "MemoryActivityTests" */ = {
			isa = XCConfigurationList;
			buildConfigurations = (
				1F6619B32E4F63F7002B15E7 /* Debug configuration for PBXNativeTarget "MemoryActivityTests" */,
				1F6619B42E4F63F7002B15E7 /* Release configuration for PBXNativeTarget "MemoryActivityTests" */,
			);
			defaultConfigurationName = Release;
		};
		B48FC1102DB3AEA900E212B2 /* Build configuration list for PBXProject "MemoryActivity" */ = {
			isa = XCConfigurationList;
			buildConfigurations = (
				B48FC1222DB3AEAA00E212B2 /* Debug configuration for PBXProject "MemoryActivity" */,
				B48FC1232DB3AEAA00E212B2 /* Release configuration for PBXProject "MemoryActivity" */,
			);
			defaultConfigurationName = Release;
		};
		B48FC1242DB3AEAA00E212B2 /* Build configuration list for PBXNativeTarget "MemoryActivity" */ = {
			isa = XCConfigurationList;
			buildConfigurations = (
				B48FC1252DB3AEAA00E212B2 /* Debug configuration for PBXNativeTarget "MemoryActivity" */,
				B48FC1262DB3AEAA00E212B2 /* Release configuration for PBXNativeTarget "MemoryActivity" */,
			);
			defaultConfigurationName = Release;
		};
/* End XCConfigurationList section */

/* Begin XCRemoteSwiftPackageReference section */
		B476E0E52DB4F45E0092B9CF /* XCRemoteSwiftPackageReference "Sparkle" */ = {
			isa = XCRemoteSwiftPackageReference;
			repositoryURL = "https://github.com/sparkle-project/Sparkle";
			requirement = {
				kind = upToNextMajorVersion;
				minimumVersion = 2.7.0;
			};
		};
/* End XCRemoteSwiftPackageReference section */

/* Begin XCSwiftPackageProductDependency section */
		B476E0E62DB4F45E0092B9CF /* Sparkle */ = {
			isa = XCSwiftPackageProductDependency;
			package = B476E0E52DB4F45E0092B9CF /* XCRemoteSwiftPackageReference "Sparkle" */;
			productName = Sparkle;
		};
/* End XCSwiftPackageProductDependency section */
	};
	rootObject = B48FC10D2DB3AEA900E212B2 /* Project object */;
}
